
Microsoft Visual Studio Solution File, Format Version 12.00
# Visual Studio Version 17
VisualStudioVersion = 17.14.37012.4 d17.14
MinimumVisualStudioVersion = 10.0.40219.1
Project("{FAE04EC0-301F-11D3-BF4B-00C04F79EFBC}") = "2513734_LeNguyenHoangLong_Lab02", "2513734_LeNguyenHoangLong_Lab02\2513734_LeNguyenHoangLong_Lab02.csproj", "{96AF85A7-C461-440A-8A4A-92AA91CB33FD}"
EndProject
Global
	GlobalSection(SolutionConfigurationPlatforms) = preSolution
		Debug|Any CPU = Debug|Any CPU
		Release|Any CPU = Release|Any CPU
	EndGlobalSection
	GlobalSection(ProjectConfigurationPlatforms) = postSolution
		{96AF85A7-C461-440A-8A4A-92AA91CB33FD}.Debug|Any CPU.ActiveCfg = Debug|Any CPU
		{96AF85A7-C461-440A-8A4A-92AA91CB33FD}.Debug|Any CPU.Build.0 = Debug|Any CPU
		{96AF85A7-C461-440A-8A4A-92AA91CB33FD}.Release|Any CPU.ActiveCfg = Release|Any CPU
		{96AF85A7-C461-440A-8A4A-92AA91CB33FD}.Release|Any CPU.Build.0 = Release|Any CPU
	EndGlobalSection
	GlobalSection(SolutionProperties) = preSolution
		HideSolutionNode = FALSE
	EndGlobalSection
	GlobalSection(ExtensibilityGlobals) = postSolution
		SolutionGuid = {59173F7A-BCE7-409B-BCBF-0EDF81C39BD0}
	EndGlobalSection
EndGlobal
